
Microsoft Visual Studio Solution File, Format Version 12.00
# Visual Studio 15
VisualStudioVersion = 15.0.26206.0
MinimumVisualStudioVersion = 10.0.40219.1
Project("{2150E333-8FDC-42A3-9474-1A3956D46DE8}") = "1 - API", "1 - API", "{96BAB3D7-F643-4FB9-B955-B6D2B26E13EB}"
EndProject
Project("{2150E333-8FDC-42A3-9474-1A3956D46DE8}") = "2 - Domain", "2 - Domain", "{9228D9FA-6D3C-4E58-B3E2-04E55407C400}"
EndProject
Project("{2150E333-8FDC-42A3-9474-1A3956D46DE8}") = "3 - Infra", "3 - Infra", "{02137645-51D3-4B8C-89F7-24E52AA59C64}"
EndProject
Project("{FAE04EC0-301F-11D3-BF4B-00C04F79EFBC}") = "ModernStore.Domain", "ModernStore.Domain\ModernStore.Domain.csproj", "{7B6AC4E5-B2AC-40E3-B5B1-A301EC1F21CE}"
EndProject
Project("{FAE04EC0-301F-11D3-BF4B-00C04F79EFBC}") = "ModernStore.Shared", "ModernStore.Shared\ModernStore.Shared.csproj", "{598B60A9-A59F-415A-AA16-265160D0B78B}"
EndProject
Project("{FAE04EC0-301F-11D3-BF4B-00C04F79EFBC}") = "ModernStore.Domain.Tests", "ModernStore.Domain.Tests\ModernStore.Domain.Tests.csproj", "{944C3BFB-8098-4715-B52F-E55E922B6D02}"
EndProject
Project("{FAE04EC0-301F-11D3-BF4B-00C04F79EFBC}") = "ModernStore.Infra", "ModerStore.Infra\ModernStore.Infra.csproj", "{C725ECE4-62C3-4490-B617-75AC6F13983F}"
EndProject
Project("{00D1A9C2-B5F0-4AF3-8072-F6C62B433612}") = "ModernStore.Database", "ModernStore.Database\ModernStore.Database.sqlproj", "{F817A2E3-BC37-49D3-8D87-94D6437B5F13}"
EndProject
Project("{9A19103F-16F7-4668-BE54-9A1E7A4F7556}") = "ModernStore.Api", "ModernStore.Api\ModernStore.Api.csproj", "{A26D3FAD-CB3A-47E6-848A-E5DE054135B3}"
EndProject
Global
	GlobalSection(SolutionConfigurationPlatforms) = preSolution
		Debug|Any CPU = Debug|Any CPU
		Release|Any CPU = Release|Any CPU
	EndGlobalSection
	GlobalSection(ProjectConfigurationPlatforms) = postSolution
		{7B6AC4E5-B2AC-40E3-B5B1-A301EC1F21CE}.Debug|Any CPU.ActiveCfg = Debug|Any CPU
		{7B6AC4E5-B2AC-40E3-B5B1-A301EC1F21CE}.Debug|Any CPU.Build.0 = Debug|Any CPU
		{7B6AC4E5-B2AC-40E3-B5B1-A301EC1F21CE}.Release|Any CPU.ActiveCfg = Release|Any CPU
		{7B6AC4E5-B2AC-40E3-B5B1-A301EC1F21CE}.Release|Any CPU.Build.0 = Release|Any CPU
		{598B60A9-A59F-415A-AA16-265160D0B78B}.Debug|Any CPU.ActiveCfg = Debug|Any CPU
		{598B60A9-A59F-415A-AA16-265160D0B78B}.Debug|Any CPU.Build.0 = Debug|Any CPU
		{598B60A9-A59F-415A-AA16-265160D0B78B}.Release|Any CPU.ActiveCfg = Release|Any CPU
		{598B60A9-A59F-415A-AA16-265160D0B78B}.Release|Any CPU.Build.0 = Release|Any CPU
		{944C3BFB-8098-4715-B52F-E55E922B6D02}.Debug|Any CPU.ActiveCfg = Debug|Any CPU
		{944C3BFB-8098-4715-B52F-E55E922B6D02}.Debug|Any CPU.Build.0 = Debug|Any CPU
		{944C3BFB-8098-4715-B52F-E55E922B6D02}.Release|Any CPU.ActiveCfg = Release|Any CPU
		{944C3BFB-8098-4715-B52F-E55E922B6D02}.Release|Any CPU.Build.0 = Release|Any CPU
		{C725ECE4-62C3-4490-B617-75AC6F13983F}.Debug|Any CPU.ActiveCfg = Debug|Any CPU
		{C725ECE4-62C3-4490-B617-75AC6F13983F}.Debug|Any CPU.Build.0 = Debug|Any CPU
		{C725ECE4-62C3-4490-B617-75AC6F13983F}.Release|Any CPU.ActiveCfg = Release|Any CPU
		{C725ECE4-62C3-4490-B617-75AC6F13983F}.Release|Any CPU.Build.0 = Release|Any CPU
		{F817A2E3-BC37-49D3-8D87-94D6437B5F13}.Debug|Any CPU.ActiveCfg = Debug|Any CPU
		{F817A2E3-BC37-49D3-8D87-94D6437B5F13}.Debug|Any CPU.Build.0 = Debug|Any CPU
		{F817A2E3-BC37-49D3-8D87-94D6437B5F13}.Debug|Any CPU.Deploy.0 = Debug|Any CPU
		{F817A2E3-BC37-49D3-8D87-94D6437B5F13}.Release|Any CPU.ActiveCfg = Release|Any CPU
		{F817A2E3-BC37-49D3-8D87-94D6437B5F13}.Release|Any CPU.Build.0 = Release|Any CPU
		{F817A2E3-BC37-49D3-8D87-94D6437B5F13}.Release|Any CPU.Deploy.0 = Release|Any CPU
		{A26D3FAD-CB3A-47E6-848A-E5DE054135B3}.Debug|Any CPU.ActiveCfg = Debug|Any CPU
		{A26D3FAD-CB3A-47E6-848A-E5DE054135B3}.Debug|Any CPU.Build.0 = Debug|Any CPU
		{A26D3FAD-CB3A-47E6-848A-E5DE054135B3}.Release|Any CPU.ActiveCfg = Release|Any CPU
		{A26D3FAD-CB3A-47E6-848A-E5DE054135B3}.Release|Any CPU.Build.0 = Release|Any CPU
	EndGlobalSection
	GlobalSection(SolutionProperties) = preSolution
		HideSolutionNode = FALSE
	EndGlobalSection
	GlobalSection(NestedProjects) = preSolution
		{7B6AC4E5-B2AC-40E3-B5B1-A301EC1F21CE} = {9228D9FA-6D3C-4E58-B3E2-04E55407C400}
		{598B60A9-A59F-415A-AA16-265160D0B78B} = {9228D9FA-6D3C-4E58-B3E2-04E55407C400}
		{944C3BFB-8098-4715-B52F-E55E922B6D02} = {9228D9FA-6D3C-4E58-B3E2-04E55407C400}
		{C725ECE4-62C3-4490-B617-75AC6F13983F} = {02137645-51D3-4B8C-89F7-24E52AA59C64}
		{F817A2E3-BC37-49D3-8D87-94D6437B5F13} = {02137645-51D3-4B8C-89F7-24E52AA59C64}
		{A26D3FAD-CB3A-47E6-848A-E5DE054135B3} = {96BAB3D7-F643-4FB9-B955-B6D2B26E13EB}
	EndGlobalSection
EndGlobal
