
Microsoft Visual Studio Solution File, Format Version 12.00
# Visual Studio 14
VisualStudioVersion = 14.0.25420.1
MinimumVisualStudioVersion = 10.0.40219.1
Project("{FAE04EC0-301F-11D3-BF4B-00C04F79EFBC}") = "ModernStore.Domain", "ModernStore.Domain\ModernStore.Domain.csproj", "{7B6AC4E5-B2AC-40E3-B5B1-A301EC1F21CE}"
EndProject
Project("{FAE04EC0-301F-11D3-BF4B-00C04F79EFBC}") = "ModernStore.Shared", "ModernStore.Shared\ModernStore.Shared.csproj", "{598B60A9-A59F-415A-AA16-265160D0B78B}"
EndProject
Project("{FAE04EC0-301F-11D3-BF4B-00C04F79EFBC}") = "ModernStore.Domain.Tests", "ModernStore.Domain.Tests\ModernStore.Domain.Tests.csproj", "{944C3BFB-8098-4715-B52F-E55E922B6D02}"
EndProject
Project("{FAE04EC0-301F-11D3-BF4B-00C04F79EFBC}") = "ModernStore.Infra", "ModernStore.Infra\ModernStore.Infra.csproj", "{12C6CFEB-3ED3-4396-809A-674F88B1D62F}"
EndProject
Project("{2150E333-8FDC-42A3-9474-1A3956D46DE8}") = "1 - API", "1 - API", "{6DBDB2D6-4668-4487-AA4A-150542C322AA}"
EndProject
Project("{2150E333-8FDC-42A3-9474-1A3956D46DE8}") = "2 - Domain", "2 - Domain", "{12DE0B09-8666-4BF0-BE1F-508DB719C11B}"
EndProject
Project("{2150E333-8FDC-42A3-9474-1A3956D46DE8}") = "3 - Infra", "3 - Infra", "{C9DE69D9-3A74-4FFA-9C98-B4A6A39DC76D}"
EndProject
Project("{8BB2217D-0F2D-49D1-97BC-3654ED321F3B}") = "ModernStore.Api", "ModernStore.Api\ModernStore.Api.xproj", "{F4BD2411-B12A-40B2-8EE2-3D9B4A6AB4BD}"
EndProject
Global
	GlobalSection(SolutionConfigurationPlatforms) = preSolution
		Debug|Any CPU = Debug|Any CPU
		Release|Any CPU = Release|Any CPU
	EndGlobalSection
	GlobalSection(ProjectConfigurationPlatforms) = postSolution
		{7B6AC4E5-B2AC-40E3-B5B1-A301EC1F21CE}.Debug|Any CPU.ActiveCfg = Debug|Any CPU
		{7B6AC4E5-B2AC-40E3-B5B1-A301EC1F21CE}.Debug|Any CPU.Build.0 = Debug|Any CPU
		{7B6AC4E5-B2AC-40E3-B5B1-A301EC1F21CE}.Release|Any CPU.ActiveCfg = Release|Any CPU
		{7B6AC4E5-B2AC-40E3-B5B1-A301EC1F21CE}.Release|Any CPU.Build.0 = Release|Any CPU
		{598B60A9-A59F-415A-AA16-265160D0B78B}.Debug|Any CPU.ActiveCfg = Debug|Any CPU
		{598B60A9-A59F-415A-AA16-265160D0B78B}.Debug|Any CPU.Build.0 = Debug|Any CPU
		{598B60A9-A59F-415A-AA16-265160D0B78B}.Release|Any CPU.ActiveCfg = Release|Any CPU
		{598B60A9-A59F-415A-AA16-265160D0B78B}.Release|Any CPU.Build.0 = Release|Any CPU
		{944C3BFB-8098-4715-B52F-E55E922B6D02}.Debug|Any CPU.ActiveCfg = Debug|Any CPU
		{944C3BFB-8098-4715-B52F-E55E922B6D02}.Debug|Any CPU.Build.0 = Debug|Any CPU
		{944C3BFB-8098-4715-B52F-E55E922B6D02}.Release|Any CPU.ActiveCfg = Release|Any CPU
		{944C3BFB-8098-4715-B52F-E55E922B6D02}.Release|Any CPU.Build.0 = Release|Any CPU
		{12C6CFEB-3ED3-4396-809A-674F88B1D62F}.Debug|Any CPU.ActiveCfg = Debug|Any CPU
		{12C6CFEB-3ED3-4396-809A-674F88B1D62F}.Debug|Any CPU.Build.0 = Debug|Any CPU
		{12C6CFEB-3ED3-4396-809A-674F88B1D62F}.Release|Any CPU.ActiveCfg = Release|Any CPU
		{12C6CFEB-3ED3-4396-809A-674F88B1D62F}.Release|Any CPU.Build.0 = Release|Any CPU
		{F4BD2411-B12A-40B2-8EE2-3D9B4A6AB4BD}.Debug|Any CPU.ActiveCfg = Debug|Any CPU
		{F4BD2411-B12A-40B2-8EE2-3D9B4A6AB4BD}.Debug|Any CPU.Build.0 = Debug|Any CPU
		{F4BD2411-B12A-40B2-8EE2-3D9B4A6AB4BD}.Release|Any CPU.ActiveCfg = Release|Any CPU
		{F4BD2411-B12A-40B2-8EE2-3D9B4A6AB4BD}.Release|Any CPU.Build.0 = Release|Any CPU
	EndGlobalSection
	GlobalSection(SolutionProperties) = preSolution
		HideSolutionNode = FALSE
	EndGlobalSection
	GlobalSection(NestedProjects) = preSolution
		{7B6AC4E5-B2AC-40E3-B5B1-A301EC1F21CE} = {12DE0B09-8666-4BF0-BE1F-508DB719C11B}
		{598B60A9-A59F-415A-AA16-265160D0B78B} = {12DE0B09-8666-4BF0-BE1F-508DB719C11B}
		{944C3BFB-8098-4715-B52F-E55E922B6D02} = {12DE0B09-8666-4BF0-BE1F-508DB719C11B}
		{12C6CFEB-3ED3-4396-809A-674F88B1D62F} = {C9DE69D9-3A74-4FFA-9C98-B4A6A39DC76D}
		{F4BD2411-B12A-40B2-8EE2-3D9B4A6AB4BD} = {6DBDB2D6-4668-4487-AA4A-150542C322AA}
	EndGlobalSection
EndGlobal
